<?xml version="1.0" encoding="utf-8"?>
<Project ToolsVersion="4.0" xmlns="http://schemas.microsoft.com/developer/msbuild/2003">
  <ItemGroup>
    <Filter Include="Source Files">
      <UniqueIdentifier>{4FC737F1-C7A5-4376-A066-2A32D752A2FF}</UniqueIdentifier>
      <Extensions>cpp;c;cc;cxx;c++;cppm;ixx;def;odl;idl;hpj;bat;asm;asmx</Extensions>
    </Filter>
    <Filter Include="Header Files">
      <UniqueIdentifier>{93995380-89BD-4b04-88EB-625FBE52EBFB}</UniqueIdentifier>
      <Extensions>h;hh;hpp;hxx;h++;hm;inl;inc;ipp;xsd</Extensions>
    </Filter>
    <Filter Include="Resource Files">
      <UniqueIdentifier>{67DA6AB6-F800-4c08-8B7A-83BB121AAD01}</UniqueIdentifier>
      <Extensions>rc;ico;cur;bmp;dlg;rc2;rct;bin;rgs;gif;jpg;jpeg;jpe;resx;tiff;tif;png;wav;mfcribbon-ms</Extensions>
    </Filter>
    <Filter Include="Source Files\arrays">
      <UniqueIdentifier>{b62e009e-31ee-4127-8b31-81f548ad9e8e}</UniqueIdentifier>
    </Filter>
    <Filter Include="Source Files\matrices">
      <UniqueIdentifier>{b4f5d8a4-b0af-41d3-8ade-0997f06a6e31}</UniqueIdentifier>
    </Filter>
    <Filter Include="Source Files\strings">
      <UniqueIdentifier>{7723219d-5ae4-4cc3-8f50-b0b83435301d}</UniqueIdentifier>
    </Filter>
    <Filter Include="Source Files\structures">
      <UniqueIdentifier>{bf19701e-a644-455b-900f-88e131c6d677}</UniqueIdentifier>
    </Filter>
  </ItemGroup>
  <ItemGroup>
    <ClCompile Include="..\codeplayground\arrays\array_manipulation.cpp">
      <Filter>Source Files\arrays</Filter>
    </ClCompile>
    <ClCompile Include="..\codeplayground\matrices\matrix_manipulation.cpp">
      <Filter>Source Files\matrices</Filter>
    </ClCompile>
    <ClCompile Include="..\codeplayground\strings\string_manipulation.cpp">
      <Filter>Source Files\strings</Filter>
    </ClCompile>
    <ClCompile Include="..\codeplayground\structures\samples.cpp">
      <Filter>Source Files\structures</Filter>
    </ClCompile>
    <ClCompile Include="..\codeplayground\main.cpp">
      <Filter>Source Files</Filter>
    </ClCompile>
    <ClCompile Include="..\codeplayground\catch_amalgamated.cpp">
      <Filter>Source Files</Filter>
    </ClCompile>
  </ItemGroup>
  <ItemGroup>
    <ClInclude Include="..\codeplayground\catch_amalgamated.hpp">
      <Filter>Header Files</Filter>
    </ClInclude>
  </ItemGroup>
</Project>